
Microsoft Visual Studio Solution File, Format Version 12.00
Project("{FAE04EC0-301F-11D3-BF4B-00C04F79EFBC}") = "GeekShopping.CouponAPI", "GeekShopping.CouponAPI\GeekShopping.CouponAPI.csproj", "{46845A7D-346E-42E9-AAC0-30B1D110AB7D}"
EndProject
Global
	GlobalSection(SolutionConfigurationPlatforms) = preSolution
		Debug|Any CPU = Debug|Any CPU
		Release|Any CPU = Release|Any CPU
	EndGlobalSection
	GlobalSection(ProjectConfigurationPlatforms) = postSolution
		{46845A7D-346E-42E9-AAC0-30B1D110AB7D}.Debug|Any CPU.ActiveCfg = Debug|Any CPU
		{46845A7D-346E-42E9-AAC0-30B1D110AB7D}.Debug|Any CPU.Build.0 = Debug|Any CPU
		{46845A7D-346E-42E9-AAC0-30B1D110AB7D}.Release|Any CPU.ActiveCfg = Release|Any CPU
		{46845A7D-346E-42E9-AAC0-30B1D110AB7D}.Release|Any CPU.Build.0 = Release|Any CPU
	EndGlobalSection
EndGlobal
